
Microsoft Visual Studio Solution File, Format Version 12.00
# Visual Studio Version 17
VisualStudioVersion = 17.0.32126.317
MinimumVisualStudioVersion = 10.0.40219.1
Project("{FAE04EC0-301F-11D3-BF4B-00C04F79EFBC}") = "PharmacyKurs2", "PharmacyKurs2\PharmacyKurs2.csproj", "{278EBB8A-FA38-4892-8BA8-685540754B5C}"
EndProject
Global
	GlobalSection(SolutionConfigurationPlatforms) = preSolution
		Debug|Any CPU = Debug|Any CPU
		Release|Any CPU = Release|Any CPU
	EndGlobalSection
	GlobalSection(ProjectConfigurationPlatforms) = postSolution
		{278EBB8A-FA38-4892-8BA8-685540754B5C}.Debug|Any CPU.ActiveCfg = Debug|Any CPU
		{278EBB8A-FA38-4892-8BA8-685540754B5C}.Debug|Any CPU.Build.0 = Debug|Any CPU
		{278EBB8A-FA38-4892-8BA8-685540754B5C}.Release|Any CPU.ActiveCfg = Release|Any CPU
		{278EBB8A-FA38-4892-8BA8-685540754B5C}.Release|Any CPU.Build.0 = Release|Any CPU
	EndGlobalSection
	GlobalSection(SolutionProperties) = preSolution
		HideSolutionNode = FALSE
	EndGlobalSection
	GlobalSection(ExtensibilityGlobals) = postSolution
		SolutionGuid = {0BBA6C86-336A-48F6-A668-E38CAABF9BB1}
	EndGlobalSection
EndGlobal
